// !$*UTF8*$!
{
	archiveVersion = 1;
	classes = {
	};
	objectVersion = 46;
	objects = {

/* Begin PBXBuildFile section */
		613D65BB1904BA3A0063818F /* Foundation.framework in Frameworks */ = {isa = PBXBuildFile; fileRef = 613D65BA1904BA3A0063818F /* Foundation.framework */; };
		613D65BD1904BA3A0063818F /* CoreGraphics.framework in Frameworks */ = {isa = PBXBuildFile; fileRef = 613D65BC1904BA3A0063818F /* CoreGraphics.framework */; };
		613D65BF1904BA3A0063818F /* UIKit.framework in Frameworks */ = {isa = PBXBuildFile; fileRef = 613D65BE1904BA3A0063818F /* UIKit.framework */; };
		613D65C11904BA3A0063818F /* SpriteKit.framework in Frameworks */ = {isa = PBXBuildFile; fileRef = 613D65C01904BA3A0063818F /* SpriteKit.framework */; };
		613D65C71904BA3A0063818F /* InfoPlist.strings in Resources */ = {isa = PBXBuildFile; fileRef = 613D65C51904BA3A0063818F /* InfoPlist.strings */; };
		613D65C91904BA3A0063818F /* main.m in Sources */ = {isa = PBXBuildFile; fileRef = 613D65C81904BA3A0063818F /* main.m */; };
		613D65CD1904BA3A0063818F /* AppDelegate.m in Sources */ = {isa = PBXBuildFile; fileRef = 613D65CC1904BA3A0063818F /* AppDelegate.m */; };
		613D65D01904BA3A0063818F /* Main.storyboard in Resources */ = {isa = PBXBuildFile; fileRef = 613D65CE1904BA3A0063818F /* Main.storyboard */; };
		613D65D31904BA3A0063818F /* ViewController.m in Sources */ = {isa = PBXBuildFile; fileRef = 613D65D21904BA3A0063818F /* ViewController.m */; };
		613D65D61904BA3A0063818F /* MyScene.m in Sources */ = {isa = PBXBuildFile; fileRef = 613D65D51904BA3A0063818F /* MyScene.m */; };
		613D65DA1904BA3A0063818F /* Images.xcassets in Resources */ = {isa = PBXBuildFile; fileRef = 613D65D91904BA3A0063818F /* Images.xcassets */; };
		613D65E11904BA3A0063818F /* XCTest.framework in Frameworks */ = {isa = PBXBuildFile; fileRef = 613D65E01904BA3A0063818F /* XCTest.framework */; };
		613D65E21904BA3A0063818F /* Foundation.framework in Frameworks */ = {isa = PBXBuildFile; fileRef = 613D65BA1904BA3A0063818F /* Foundation.framework */; };
		613D65E31904BA3A0063818F /* UIKit.framework in Frameworks */ = {isa = PBXBuildFile; fileRef = 613D65BE1904BA3A0063818F /* UIKit.framework */; };
		613D65EB1904BA3A0063818F /* InfoPlist.strings in Resources */ = {isa = PBXBuildFile; fileRef = 613D65E91904BA3A0063818F /* InfoPlist.strings */; };
		613D65ED1904BA3A0063818F /* PixelGameTests.m in Sources */ = {isa = PBXBuildFile; fileRef = 613D65EC1904BA3A0063818F /* PixelGameTests.m */; };
		613D65F81904BAA80063818F /* WelcomeScene.m in Sources */ = {isa = PBXBuildFile; fileRef = 613D65F71904BAA80063818F /* WelcomeScene.m */; };
		615265D31909F8EA005F47CC /* Black_Square.png in Resources */ = {isa = PBXBuildFile; fileRef = 615265D21909F8EA005F47CC /* Black_Square.png */; };
		615265D51909FC32005F47CC /* pixel.gif in Resources */ = {isa = PBXBuildFile; fileRef = 615265D41909FC32005F47CC /* pixel.gif */; };
		61914875193542700047F076 /* back0.jpg in Resources */ = {isa = PBXBuildFile; fileRef = 61914832193542700047F076 /* back0.jpg */; };
		61914876193542700047F076 /* back1.jpg in Resources */ = {isa = PBXBuildFile; fileRef = 61914833193542700047F076 /* back1.jpg */; };
		61914877193542700047F076 /* back2.jpg in Resources */ = {isa = PBXBuildFile; fileRef = 61914834193542700047F076 /* back2.jpg */; };
		61914878193542700047F076 /* back3.jpg in Resources */ = {isa = PBXBuildFile; fileRef = 61914835193542700047F076 /* back3.jpg */; };
		61914879193542700047F076 /* back4.jpg in Resources */ = {isa = PBXBuildFile; fileRef = 61914836193542700047F076 /* back4.jpg */; };
		6191487A193542700047F076 /* back5.jpg in Resources */ = {isa = PBXBuildFile; fileRef = 61914837193542700047F076 /* back5.jpg */; };
		6191487B193542700047F076 /* back6.gif in Resources */ = {isa = PBXBuildFile; fileRef = 61914838193542700047F076 /* back6.gif */; };
		6191487C193542700047F076 /* back6.jpg in Resources */ = {isa = PBXBuildFile; fileRef = 61914839193542700047F076 /* back6.jpg */; };
		6191487D193542700047F076 /* back7.jpg in Resources */ = {isa = PBXBuildFile; fileRef = 6191483A193542700047F076 /* back7.jpg */; };
		6191487E193542700047F076 /* back8.jpg in Resources */ = {isa = PBXBuildFile; fileRef = 6191483B193542700047F076 /* back8.jpg */; };
		6191487F193542700047F076 /* back9.jpg in Resources */ = {isa = PBXBuildFile; fileRef = 6191483C193542700047F076 /* back9.jpg */; };
		61914880193542700047F076 /* back10.jpg in Resources */ = {isa = PBXBuildFile; fileRef = 6191483D193542700047F076 /* back10.jpg */; };
		61914881193542700047F076 /* back11.jpg in Resources */ = {isa = PBXBuildFile; fileRef = 6191483E193542700047F076 /* back11.jpg */; };
		61914882193542700047F076 /* back12.jpg in Resources */ = {isa = PBXBuildFile; fileRef = 6191483F193542700047F076 /* back12.jpg */; };
		61914883193542700047F076 /* back13.jpg in Resources */ = {isa = PBXBuildFile; fileRef = 61914840193542700047F076 /* back13.jpg */; };
		61914884193542700047F076 /* back14.jpg in Resources */ = {isa = PBXBuildFile; fileRef = 61914841193542700047F076 /* back14.jpg */; };
		61914885193542700047F076 /* back15.jpg in Resources */ = {isa = PBXBuildFile; fileRef = 61914842193542700047F076 /* back15.jpg */; };
		61914886193542700047F076 /* back16.jpg in Resources */ = {isa = PBXBuildFile; fileRef = 61914843193542700047F076 /* back16.jpg */; };
		61914887193542700047F076 /* back17.jpg in Resources */ = {isa = PBXBuildFile; fileRef = 61914844193542700047F076 /* back17.jpg */; };
		61914888193542700047F076 /* back18.jpg in Resources */ = {isa = PBXBuildFile; fileRef = 61914845193542700047F076 /* back18.jpg */; };
		61914889193542700047F076 /* back19.jpg in Resources */ = {isa = PBXBuildFile; fileRef = 61914846193542700047F076 /* back19.jpg */; };
		6191488A193542700047F076 /* back20.jpg in Resources */ = {isa = PBXBuildFile; fileRef = 61914847193542700047F076 /* back20.jpg */; };
		6191488B193542700047F076 /* back21.jpg in Resources */ = {isa = PBXBuildFile; fileRef = 61914848193542700047F076 /* back21.jpg */; };
		6191488C193542700047F076 /* back22.jpg in Resources */ = {isa = PBXBuildFile; fileRef = 61914849193542700047F076 /* back22.jpg */; };
		6191488D193542700047F076 /* back23.jpg in Resources */ = {isa = PBXBuildFile; fileRef = 6191484A193542700047F076 /* back23.jpg */; };
		6191488E193542700047F076 /* back24.jpg in Resources */ = {isa = PBXBuildFile; fileRef = 6191484B193542700047F076 /* back24.jpg */; };
		6191488F193542700047F076 /* back25.jpg in Resources */ = {isa = PBXBuildFile; fileRef = 6191484C193542700047F076 /* back25.jpg */; };
		61914890193542700047F076 /* back26.jpg in Resources */ = {isa = PBXBuildFile; fileRef = 6191484D193542700047F076 /* back26.jpg */; };
		61914891193542700047F076 /* back27.jpg in Resources */ = {isa = PBXBuildFile; fileRef = 6191484E193542700047F076 /* back27.jpg */; };
		61914892193542700047F076 /* back28.jpg in Resources */ = {isa = PBXBuildFile; fileRef = 6191484F193542700047F076 /* back28.jpg */; };
		61914893193542700047F076 /* back29.jpg in Resources */ = {isa = PBXBuildFile; fileRef = 61914850193542700047F076 /* back29.jpg */; };
		61914894193542700047F076 /* back30.jpg in Resources */ = {isa = PBXBuildFile; fileRef = 61914851193542700047F076 /* back30.jpg */; };
		61914895193542700047F076 /* back31.jpg in Resources */ = {isa = PBXBuildFile; fileRef = 61914852193542700047F076 /* back31.jpg */; };
		61914896193542700047F076 /* back32.jpg in Resources */ = {isa = PBXBuildFile; fileRef = 61914853193542700047F076 /* back32.jpg */; };
		61914897193542700047F076 /* back33.jpg in Resources */ = {isa = PBXBuildFile; fileRef = 61914854193542700047F076 /* back33.jpg */; };
		61914898193542700047F076 /* back34.jpg in Resources */ = {isa = PBXBuildFile; fileRef = 61914855193542700047F076 /* back34.jpg */; };
		61914899193542700047F076 /* back35.jpg in Resources */ = {isa = PBXBuildFile; fileRef = 61914856193542700047F076 /* back35.jpg */; };
		6191489A193542700047F076 /* back36.jpg in Resources */ = {isa = PBXBuildFile; fileRef = 61914857193542700047F076 /* back36.jpg */; };
		6191489B193542700047F076 /* back37.jpg in Resources */ = {isa = PBXBuildFile; fileRef = 61914858193542700047F076 /* back37.jpg */; };
		6191489C193542700047F076 /* back38.jpg in Resources */ = {isa = PBXBuildFile; fileRef = 61914859193542700047F076 /* back38.jpg */; };
		6191489D193542700047F076 /* back39.jpg in Resources */ = {isa = PBXBuildFile; fileRef = 6191485A193542700047F076 /* back39.jpg */; };
		6191489E193542700047F076 /* back40.jpg in Resources */ = {isa = PBXBuildFile; fileRef = 6191485B193542700047F076 /* back40.jpg */; };
		6191489F193542700047F076 /* back41.jpg in Resources */ = {isa = PBXBuildFile; fileRef = 6191485C193542700047F076 /* back41.jpg */; };
		619148A0193542700047F076 /* back42.jpg in Resources */ = {isa = PBXBuildFile; fileRef = 6191485D193542700047F076 /* back42.jpg */; };
		619148A1193542700047F076 /* back43.jpg in Resources */ = {isa = PBXBuildFile; fileRef = 6191485E193542700047F076 /* back43.jpg */; };
		619148A2193542700047F076 /* back44.jpg in Resources */ = {isa = PBXBuildFile; fileRef = 6191485F193542700047F076 /* back44.jpg */; };
		619148A3193542700047F076 /* back45.jpg in Resources */ = {isa = PBXBuildFile; fileRef = 61914860193542700047F076 /* back45.jpg */; };
		619148A4193542700047F076 /* back46.jpg in Resources */ = {isa = PBXBuildFile; fileRef = 61914861193542700047F076 /* back46.jpg */; };
		619148A5193542700047F076 /* back47.jpg in Resources */ = {isa = PBXBuildFile; fileRef = 61914862193542700047F076 /* back47.jpg */; };
		619148A6193542700047F076 /* back48.jpg in Resources */ = {isa = PBXBuildFile; fileRef = 61914863193542700047F076 /* back48.jpg */; };
		619148A7193542700047F076 /* back49.jpg in Resources */ = {isa = PBXBuildFile; fileRef = 61914864193542700047F076 /* back49.jpg */; };
		619148A8193542700047F076 /* back50.jpg in Resources */ = {isa = PBXBuildFile; fileRef = 61914865193542700047F076 /* back50.jpg */; };
		619148A9193542700047F076 /* back51.jpg in Resources */ = {isa = PBXBuildFile; fileRef = 61914866193542700047F076 /* back51.jpg */; };
		619148AA193542700047F076 /* back52.jpg in Resources */ = {isa = PBXBuildFile; fileRef = 61914867193542700047F076 /* back52.jpg */; };
		619148AB193542700047F076 /* back53.jpg in Resources */ = {isa = PBXBuildFile; fileRef = 61914868193542700047F076 /* back53.jpg */; };
		619148AC193542700047F076 /* back54.jpg in Resources */ = {isa = PBXBuildFile; fileRef = 61914869193542700047F076 /* back54.jpg */; };
		619148AD193542700047F076 /* back55.jpg in Resources */ = {isa = PBXBuildFile; fileRef = 6191486A193542700047F076 /* back55.jpg */; };
		619148AE193542700047F076 /* back56.jpg in Resources */ = {isa = PBXBuildFile; fileRef = 6191486B193542700047F076 /* back56.jpg */; };
		619148AF193542700047F076 /* back57.jpg in Resources */ = {isa = PBXBuildFile; fileRef = 6191486C193542700047F076 /* back57.jpg */; };
		619148B0193542700047F076 /* back58.jpg in Resources */ = {isa = PBXBuildFile; fileRef = 6191486D193542700047F076 /* back58.jpg */; };
		619148B1193542700047F076 /* back59.jpg in Resources */ = {isa = PBXBuildFile; fileRef = 6191486E193542700047F076 /* back59.jpg */; };
		619148B2193542700047F076 /* back60.jpg in Resources */ = {isa = PBXBuildFile; fileRef = 6191486F193542700047F076 /* back60.jpg */; };
		619148B3193542700047F076 /* back61.jpg in Resources */ = {isa = PBXBuildFile; fileRef = 61914870193542700047F076 /* back61.jpg */; };
		619148B4193542700047F076 /* back62.jpg in Resources */ = {isa = PBXBuildFile; fileRef = 61914871193542700047F076 /* back62.jpg */; };
		619148B5193542700047F076 /* back63.jpg in Resources */ = {isa = PBXBuildFile; fileRef = 61914872193542700047F076 /* back63.jpg */; };
		619148B6193542700047F076 /* back64.jpg in Resources */ = {isa = PBXBuildFile; fileRef = 61914873193542700047F076 /* back64.jpg */; };
		619148B7193542700047F076 /* back65.jpg in Resources */ = {isa = PBXBuildFile; fileRef = 61914874193542700047F076 /* back65.jpg */; };
		619148BA193548350047F076 /* icon.png in Resources */ = {isa = PBXBuildFile; fileRef = 619148B8193548350047F076 /* icon.png */; };
		619148BB193548350047F076 /* introBack.png in Resources */ = {isa = PBXBuildFile; fileRef = 619148B9193548350047F076 /* introBack.png */; };
/* End PBXBuildFile section */

/* Begin PBXContainerItemProxy section */
		613D65E41904BA3A0063818F /* PBXContainerItemProxy */ = {
			isa = PBXContainerItemProxy;
			containerPortal = 613D65AF1904BA3A0063818F /* Project object */;
			proxyType = 1;
			remoteGlobalIDString = 613D65B61904BA3A0063818F;
			remoteInfo = PixelGame;
		};
/* End PBXContainerItemProxy section */

/* Begin PBXFileReference section */
		613D65B71904BA3A0063818F /* PixelGame.app */ = {isa = PBXFileReference; explicitFileType = wrapper.application; includeInIndex = 0; path = PixelGame.app; sourceTree = BUILT_PRODUCTS_DIR; };
		613D65BA1904BA3A0063818F /* Foundation.framework */ = {isa = PBXFileReference; lastKnownFileType = wrapper.framework; name = Foundation.framework; path = System/Library/Frameworks/Foundation.framework; sourceTree = SDKROOT; };
		613D65BC1904BA3A0063818F /* CoreGraphics.framework */ = {isa = PBXFileReference; lastKnownFileType = wrapper.framework; name = CoreGraphics.framework; path = System/Library/Frameworks/CoreGraphics.framework; sourceTree = SDKROOT; };
		613D65BE1904BA3A0063818F /* UIKit.framework */ = {isa = PBXFileReference; lastKnownFileType = wrapper.framework; name = UIKit.framework; path = System/Library/Frameworks/UIKit.framework; sourceTree = SDKROOT; };
		613D65C01904BA3A0063818F /* SpriteKit.framework */ = {isa = PBXFileReference; lastKnownFileType = wrapper.framework; name = SpriteKit.framework; path = System/Library/Frameworks/SpriteKit.framework; sourceTree = SDKROOT; };
		613D65C41904BA3A0063818F /* PixelGame-Info.plist */ = {isa = PBXFileReference; lastKnownFileType = text.plist.xml; path = "PixelGame-Info.plist"; sourceTree = "<group>"; };
		613D65C61904BA3A0063818F /* en */ = {isa = PBXFileReference; lastKnownFileType = text.plist.strings; name = en; path = en.lproj/InfoPlist.strings; sourceTree = "<group>"; };
		613D65C81904BA3A0063818F /* main.m */ = {isa = PBXFileReference; lastKnownFileType = sourcecode.c.objc; path = main.m; sourceTree = "<group>"; };
		613D65CA1904BA3A0063818F /* PixelGame-Prefix.pch */ = {isa = PBXFileReference; lastKnownFileType = sourcecode.c.h; path = "PixelGame-Prefix.pch"; sourceTree = "<group>"; };
		613D65CB1904BA3A0063818F /* AppDelegate.h */ = {isa = PBXFileReference; lastKnownFileType = sourcecode.c.h; path = AppDelegate.h; sourceTree = "<group>"; };
		613D65CC1904BA3A0063818F /* AppDelegate.m */ = {isa = PBXFileReference; lastKnownFileType = sourcecode.c.objc; path = AppDelegate.m; sourceTree = "<group>"; };
		613D65CF1904BA3A0063818F /* Base */ = {isa = PBXFileReference; lastKnownFileType = file.storyboard; name = Base; path = Base.lproj/Main.storyboard; sourceTree = "<group>"; };
		613D65D11904BA3A0063818F /* ViewController.h */ = {isa = PBXFileReference; lastKnownFileType = sourcecode.c.h; path = ViewController.h; sourceTree = "<group>"; };
		613D65D21904BA3A0063818F /* ViewController.m */ = {isa = PBXFileReference; lastKnownFileType = sourcecode.c.objc; path = ViewController.m; sourceTree = "<group>"; };
		613D65D41904BA3A0063818F /* MyScene.h */ = {isa = PBXFileReference; lastKnownFileType = sourcecode.c.h; path = MyScene.h; sourceTree = "<group>"; };
		613D65D51904BA3A0063818F /* MyScene.m */ = {isa = PBXFileReference; lastKnownFileType = sourcecode.c.objc; path = MyScene.m; sourceTree = "<group>"; };
		613D65D91904BA3A0063818F /* Images.xcassets */ = {isa = PBXFileReference; lastKnownFileType = folder.assetcatalog; path = Images.xcassets; sourceTree = "<group>"; };
		613D65DF1904BA3A0063818F /* PixelGameTests.xctest */ = {isa = PBXFileReference; explicitFileType = wrapper.cfbundle; includeInIndex = 0; path = PixelGameTests.xctest; sourceTree = BUILT_PRODUCTS_DIR; };
		613D65E01904BA3A0063818F /* XCTest.framework */ = {isa = PBXFileReference; lastKnownFileType = wrapper.framework; name = XCTest.framework; path = Library/Frameworks/XCTest.framework; sourceTree = DEVELOPER_DIR; };
		613D65E81904BA3A0063818F /* PixelGameTests-Info.plist */ = {isa = PBXFileReference; lastKnownFileType = text.plist.xml; path = "PixelGameTests-Info.plist"; sourceTree = "<group>"; };
		613D65EA1904BA3A0063818F /* en */ = {isa = PBXFileReference; lastKnownFileType = text.plist.strings; name = en; path = en.lproj/InfoPlist.strings; sourceTree = "<group>"; };
		613D65EC1904BA3A0063818F /* PixelGameTests.m */ = {isa = PBXFileReference; lastKnownFileType = sourcecode.c.objc; path = PixelGameTests.m; sourceTree = "<group>"; };
		613D65F61904BAA80063818F /* WelcomeScene.h */ = {isa = PBXFileReference; fileEncoding = 4; lastKnownFileType = sourcecode.c.h; path = WelcomeScene.h; sourceTree = "<group>"; };
		613D65F71904BAA80063818F /* WelcomeScene.m */ = {isa = PBXFileReference; fileEncoding = 4; lastKnownFileType = sourcecode.c.objc; path = WelcomeScene.m; sourceTree = "<group>"; };
		615265D21909F8EA005F47CC /* Black_Square.png */ = {isa = PBXFileReference; lastKnownFileType = image.png; path = Black_Square.png; sourceTree = "<group>"; };
		615265D41909FC32005F47CC /* pixel.gif */ = {isa = PBXFileReference; lastKnownFileType = image.gif; path = pixel.gif; sourceTree = "<group>"; };
		61914832193542700047F076 /* back0.jpg */ = {isa = PBXFileReference; lastKnownFileType = image.jpeg; path = back0.jpg; sourceTree = "<group>"; };
		61914833193542700047F076 /* back1.jpg */ = {isa = PBXFileReference; lastKnownFileType = image.jpeg; path = back1.jpg; sourceTree = "<group>"; };
		61914834193542700047F076 /* back2.jpg */ = {isa = PBXFileReference; lastKnownFileType = image.jpeg; path = back2.jpg; sourceTree = "<group>"; };
		61914835193542700047F076 /* back3.jpg */ = {isa = PBXFileReference; lastKnownFileType = image.jpeg; path = back3.jpg; sourceTree = "<group>"; };
		61914836193542700047F076 /* back4.jpg */ = {isa = PBXFileReference; lastKnownFileType = image.jpeg; path = back4.jpg; sourceTree = "<group>"; };
		61914837193542700047F076 /* back5.jpg */ = {isa = PBXFileReference; lastKnownFileType = image.jpeg; path = back5.jpg; sourceTree = "<group>"; };
		61914838193542700047F076 /* back6.gif */ = {isa = PBXFileReference; lastKnownFileType = image.gif; path = back6.gif; sourceTree = "<group>"; };
		61914839193542700047F076 /* back6.jpg */ = {isa = PBXFileReference; lastKnownFileType = image.jpeg; path = back6.jpg; sourceTree = "<group>"; };
		6191483A193542700047F076 /* back7.jpg */ = {isa = PBXFileReference; lastKnownFileType = image.jpeg; path = back7.jpg; sourceTree = "<group>"; };
		6191483B193542700047F076 /* back8.jpg */ = {isa = PBXFileReference; lastKnownFileType = image.jpeg; path = back8.jpg; sourceTree = "<group>"; };
		6191483C193542700047F076 /* back9.jpg */ = {isa = PBXFileReference; lastKnownFileType = image.jpeg; path = back9.jpg; sourceTree = "<group>"; };
		6191483D193542700047F076 /* back10.jpg */ = {isa = PBXFileReference; lastKnownFileType = image.jpeg; path = back10.jpg; sourceTree = "<group>"; };
		6191483E193542700047F076 /* back11.jpg */ = {isa = PBXFileReference; lastKnownFileType = image.jpeg; path = back11.jpg; sourceTree = "<group>"; };
		6191483F193542700047F076 /* back12.jpg */ = {isa = PBXFileReference; lastKnownFileType = image.jpeg; path = back12.jpg; sourceTree = "<group>"; };
		61914840193542700047F076 /* back13.jpg */ = {isa = PBXFileReference; lastKnownFileType = image.jpeg; path = back13.jpg; sourceTree = "<group>"; };
		61914841193542700047F076 /* back14.jpg */ = {isa = PBXFileReference; lastKnownFileType = image.jpeg; path = back14.jpg; sourceTree = "<group>"; };
		61914842193542700047F076 /* back15.jpg */ = {isa = PBXFileReference; lastKnownFileType = image.jpeg; path = back15.jpg; sourceTree = "<group>"; };
		61914843193542700047F076 /* back16.jpg */ = {isa = PBXFileReference; lastKnownFileType = image.jpeg; path = back16.jpg; sourceTree = "<group>"; };
		61914844193542700047F076 /* back17.jpg */ = {isa = PBXFileReference; lastKnownFileType = image.jpeg; path = back17.jpg; sourceTree = "<group>"; };
		61914845193542700047F076 /* back18.jpg */ = {isa = PBXFileReference; lastKnownFileType = image.jpeg; path = back18.jpg; sourceTree = "<group>"; };
		61914846193542700047F076 /* back19.jpg */ = {isa = PBXFileReference; lastKnownFileType = image.jpeg; path = back19.jpg; sourceTree = "<group>"; };
		61914847193542700047F076 /* back20.jpg */ = {isa = PBXFileReference; lastKnownFileType = image.jpeg; path = back20.jpg; sourceTree = "<group>"; };
		61914848193542700047F076 /* back21.jpg */ = {isa = PBXFileReference; lastKnownFileType = image.jpeg; path = back21.jpg; sourceTree = "<group>"; };
		61914849193542700047F076 /* back22.jpg */ = {isa = PBXFileReference; lastKnownFileType = image.jpeg; path = back22.jpg; sourceTree = "<group>"; };
		6191484A193542700047F076 /* back23.jpg */ = {isa = PBXFileReference; lastKnownFileType = image.jpeg; path = back23.jpg; sourceTree = "<group>"; };
		6191484B193542700047F076 /* back24.jpg */ = {isa = PBXFileReference; lastKnownFileType = image.jpeg; path = back24.jpg; sourceTree = "<group>"; };
		6191484C193542700047F076 /* back25.jpg */ = {isa = PBXFileReference; lastKnownFileType = image.jpeg; path = back25.jpg; sourceTree = "<group>"; };
		6191484D193542700047F076 /* back26.jpg */ = {isa = PBXFileReference; lastKnownFileType = image.jpeg; path = back26.jpg; sourceTree = "<group>"; };
		6191484E193542700047F076 /* back27.jpg */ = {isa = PBXFileReference; lastKnownFileType = image.jpeg; path = back27.jpg; sourceTree = "<group>"; };
		6191484F193542700047F076 /* back28.jpg */ = {isa = PBXFileReference; lastKnownFileType = image.jpeg; path = back28.jpg; sourceTree = "<group>"; };
		61914850193542700047F076 /* back29.jpg */ = {isa = PBXFileReference; lastKnownFileType = image.jpeg; path = back29.jpg; sourceTree = "<group>"; };
		61914851193542700047F076 /* back30.jpg */ = {isa = PBXFileReference; lastKnownFileType = image.jpeg; path = back30.jpg; sourceTree = "<group>"; };
		61914852193542700047F076 /* back31.jpg */ = {isa = PBXFileReference; lastKnownFileType = image.jpeg; path = back31.jpg; sourceTree = "<group>"; };
		61914853193542700047F076 /* back32.jpg */ = {isa = PBXFileReference; lastKnownFileType = image.jpeg; path = back32.jpg; sourceTree = "<group>"; };
		61914854193542700047F076 /* back33.jpg */ = {isa = PBXFileReference; lastKnownFileType = image.jpeg; path = back33.jpg; sourceTree = "<group>"; };
		61914855193542700047F076 /* back34.jpg */ = {isa = PBXFileReference; lastKnownFileType = image.jpeg; path = back34.jpg; sourceTree = "<group>"; };
		61914856193542700047F076 /* back35.jpg */ = {isa = PBXFileReference; lastKnownFileType = image.jpeg; path = back35.jpg; sourceTree = "<group>"; };
		61914857193542700047F076 /* back36.jpg */ = {isa = PBXFileReference; lastKnownFileType = image.jpeg; path = back36.jpg; sourceTree = "<group>"; };
		61914858193542700047F076 /* back37.jpg */ = {isa = PBXFileReference; lastKnownFileType = image.jpeg; path = back37.jpg; sourceTree = "<group>"; };
		61914859193542700047F076 /* back38.jpg */ = {isa = PBXFileReference; lastKnownFileType = image.jpeg; path = back38.jpg; sourceTree = "<group>"; };
		6191485A193542700047F076 /* back39.jpg */ = {isa = PBXFileReference; lastKnownFileType = image.jpeg; path = back39.jpg; sourceTree = "<group>"; };
		6191485B193542700047F076 /* back40.jpg */ = {isa = PBXFileReference; lastKnownFileType = image.jpeg; path = back40.jpg; sourceTree = "<group>"; };
		6191485C193542700047F076 /* back41.jpg */ = {isa = PBXFileReference; lastKnownFileType = image.jpeg; path = back41.jpg; sourceTree = "<group>"; };
		6191485D193542700047F076 /* back42.jpg */ = {isa = PBXFileReference; lastKnownFileType = image.jpeg; path = back42.jpg; sourceTree = "<group>"; };
		6191485E193542700047F076 /* back43.jpg */ = {isa = PBXFileReference; lastKnownFileType = image.jpeg; path = back43.jpg; sourceTree = "<group>"; };
		6191485F193542700047F076 /* back44.jpg */ = {isa = PBXFileReference; lastKnownFileType = image.jpeg; path = back44.jpg; sourceTree = "<group>"; };
		61914860193542700047F076 /* back45.jpg */ = {isa = PBXFileReference; lastKnownFileType = image.jpeg; path = back45.jpg; sourceTree = "<group>"; };
		61914861193542700047F076 /* back46.jpg */ = {isa = PBXFileReference; lastKnownFileType = image.jpeg; path = back46.jpg; sourceTree = "<group>"; };
		61914862193542700047F076 /* back47.jpg */ = {isa = PBXFileReference; lastKnownFileType = image.jpeg; path = back47.jpg; sourceTree = "<group>"; };
		61914863193542700047F076 /* back48.jpg */ = {isa = PBXFileReference; lastKnownFileType = image.jpeg; path = back48.jpg; sourceTree = "<group>"; };
		61914864193542700047F076 /* back49.jpg */ = {isa = PBXFileReference; lastKnownFileType = image.jpeg; path = back49.jpg; sourceTree = "<group>"; };
		61914865193542700047F076 /* back50.jpg */ = {isa = PBXFileReference; lastKnownFileType = image.jpeg; path = back50.jpg; sourceTree = "<group>"; };
		61914866193542700047F076 /* back51.jpg */ = {isa = PBXFileReference; lastKnownFileType = image.jpeg; path = back51.jpg; sourceTree = "<group>"; };
		61914867193542700047F076 /* back52.jpg */ = {isa = PBXFileReference; lastKnownFileType = image.jpeg; path = back52.jpg; sourceTree = "<group>"; };
		61914868193542700047F076 /* back53.jpg */ = {isa = PBXFileReference; lastKnownFileType = image.jpeg; path = back53.jpg; sourceTree = "<group>"; };
		61914869193542700047F076 /* back54.jpg */ = {isa = PBXFileReference; lastKnownFileType = image.jpeg; path = back54.jpg; sourceTree = "<group>"; };
		6191486A193542700047F076 /* back55.jpg */ = {isa = PBXFileReference; lastKnownFileType = image.jpeg; path = back55.jpg; sourceTree = "<group>"; };
		6191486B193542700047F076 /* back56.jpg */ = {isa = PBXFileReference; lastKnownFileType = image.jpeg; path = back56.jpg; sourceTree = "<group>"; };
		6191486C193542700047F076 /* back57.jpg */ = {isa = PBXFileReference; lastKnownFileType = image.jpeg; path = back57.jpg; sourceTree = "<group>"; };
		6191486D193542700047F076 /* back58.jpg */ = {isa = PBXFileReference; lastKnownFileType = image.jpeg; path = back58.jpg; sourceTree = "<group>"; };
		6191486E193542700047F076 /* back59.jpg */ = {isa = PBXFileReference; lastKnownFileType = image.jpeg; path = back59.jpg; sourceTree = "<group>"; };
		6191486F193542700047F076 /* back60.jpg */ = {isa = PBXFileReference; lastKnownFileType = image.jpeg; path = back60.jpg; sourceTree = "<group>"; };
		61914870193542700047F076 /* back61.jpg */ = {isa = PBXFileReference; lastKnownFileType = image.jpeg; path = back61.jpg; sourceTree = "<group>"; };
		61914871193542700047F076 /* back62.jpg */ = {isa = PBXFileReference; lastKnownFileType = image.jpeg; path = back62.jpg; sourceTree = "<group>"; };
		61914872193542700047F076 /* back63.jpg */ = {isa = PBXFileReference; lastKnownFileType = image.jpeg; path = back63.jpg; sourceTree = "<group>"; };
		61914873193542700047F076 /* back64.jpg */ = {isa = PBXFileReference; lastKnownFileType = image.jpeg; path = back64.jpg; sourceTree = "<group>"; };
		61914874193542700047F076 /* back65.jpg */ = {isa = PBXFileReference; lastKnownFileType = image.jpeg; path = back65.jpg; sourceTree = "<group>"; };
		619148B8193548350047F076 /* icon.png */ = {isa = PBXFileReference; lastKnownFileType = image.png; path = icon.png; sourceTree = "<group>"; };
		619148B9193548350047F076 /* introBack.png */ = {isa = PBXFileReference; lastKnownFileType = image.png; path = introBack.png; sourceTree = "<group>"; };
/* End PBXFileReference section */

/* Begin PBXFrameworksBuildPhase section */
		613D65B41904BA3A0063818F /* Frameworks */ = {
			isa = PBXFrameworksBuildPhase;
			buildActionMask = 2147483647;
			files = (
				613D65BD1904BA3A0063818F /* CoreGraphics.framework in Frameworks */,
				613D65BF1904BA3A0063818F /* UIKit.framework in Frameworks */,
				613D65C11904BA3A0063818F /* SpriteKit.framework in Frameworks */,
				613D65BB1904BA3A0063818F /* Foundation.framework in Frameworks */,
			);
			runOnlyForDeploymentPostprocessing = 0;
		};
		613D65DC1904BA3A0063818F /* Frameworks */ = {
			isa = PBXFrameworksBuildPhase;
			buildActionMask = 2147483647;
			files = (
				613D65E11904BA3A0063818F /* XCTest.framework in Frameworks */,
				613D65E31904BA3A0063818F /* UIKit.framework in Frameworks */,
				613D65E21904BA3A0063818F /* Foundation.framework in Frameworks */,
			);
			runOnlyForDeploymentPostprocessing = 0;
		};
/* End PBXFrameworksBuildPhase section */

/* Begin PBXGroup section */
		613D65AE1904BA3A0063818F = {
			isa = PBXGroup;
			children = (
				613D65C21904BA3A0063818F /* PixelGame */,
				613D65E61904BA3A0063818F /* PixelGameTests */,
				613D65B91904BA3A0063818F /* Frameworks */,
				613D65B81904BA3A0063818F /* Products */,
			);
			sourceTree = "<group>";
		};
		613D65B81904BA3A0063818F /* Products */ = {
			isa = PBXGroup;
			children = (
				613D65B71904BA3A0063818F /* PixelGame.app */,
				613D65DF1904BA3A0063818F /* PixelGameTests.xctest */,
			);
			name = Products;
			sourceTree = "<group>";
		};
		613D65B91904BA3A0063818F /* Frameworks */ = {
			isa = PBXGroup;
			children = (
				613D65BA1904BA3A0063818F /* Foundation.framework */,
				613D65BC1904BA3A0063818F /* CoreGraphics.framework */,
				613D65BE1904BA3A0063818F /* UIKit.framework */,
				613D65C01904BA3A0063818F /* SpriteKit.framework */,
				613D65E01904BA3A0063818F /* XCTest.framework */,
			);
			name = Frameworks;
			sourceTree = "<group>";
		};
		613D65C21904BA3A0063818F /* PixelGame */ = {
			isa = PBXGroup;
			children = (
				613D65CB1904BA3A0063818F /* AppDelegate.h */,
				613D65CC1904BA3A0063818F /* AppDelegate.m */,
				613D65CE1904BA3A0063818F /* Main.storyboard */,
				613D65D11904BA3A0063818F /* ViewController.h */,
				613D65D21904BA3A0063818F /* ViewController.m */,
				613D65D41904BA3A0063818F /* MyScene.h */,
				613D65D51904BA3A0063818F /* MyScene.m */,
				613D65D91904BA3A0063818F /* Images.xcassets */,
				613D65C31904BA3A0063818F /* Supporting Files */,
				613D65F61904BAA80063818F /* WelcomeScene.h */,
				613D65F71904BAA80063818F /* WelcomeScene.m */,
				615265D21909F8EA005F47CC /* Black_Square.png */,
				619148B8193548350047F076 /* icon.png */,
				619148B9193548350047F076 /* introBack.png */,
				615265D41909FC32005F47CC /* pixel.gif */,
				61914832193542700047F076 /* back0.jpg */,
				61914833193542700047F076 /* back1.jpg */,
				61914834193542700047F076 /* back2.jpg */,
				61914835193542700047F076 /* back3.jpg */,
				61914836193542700047F076 /* back4.jpg */,
				61914837193542700047F076 /* back5.jpg */,
				61914838193542700047F076 /* back6.gif */,
				61914839193542700047F076 /* back6.jpg */,
				6191483A193542700047F076 /* back7.jpg */,
				6191483B193542700047F076 /* back8.jpg */,
				6191483C193542700047F076 /* back9.jpg */,
				6191483D193542700047F076 /* back10.jpg */,
				6191483E193542700047F076 /* back11.jpg */,
				6191483F193542700047F076 /* back12.jpg */,
				61914840193542700047F076 /* back13.jpg */,
				61914841193542700047F076 /* back14.jpg */,
				61914842193542700047F076 /* back15.jpg */,
				61914843193542700047F076 /* back16.jpg */,
				61914844193542700047F076 /* back17.jpg */,
				61914845193542700047F076 /* back18.jpg */,
				61914846193542700047F076 /* back19.jpg */,
				61914847193542700047F076 /* back20.jpg */,
				61914848193542700047F076 /* back21.jpg */,
				61914849193542700047F076 /* back22.jpg */,
				6191484A193542700047F076 /* back23.jpg */,
				6191484B193542700047F076 /* back24.jpg */,
				6191484C193542700047F076 /* back25.jpg */,
				6191484D193542700047F076 /* back26.jpg */,
				6191484E193542700047F076 /* back27.jpg */,
				6191484F193542700047F076 /* back28.jpg */,
				61914850193542700047F076 /* back29.jpg */,
				61914851193542700047F076 /* back30.jpg */,
				61914852193542700047F076 /* back31.jpg */,
				61914853193542700047F076 /* back32.jpg */,
				61914854193542700047F076 /* back33.jpg */,
				61914855193542700047F076 /* back34.jpg */,
				61914856193542700047F076 /* back35.jpg */,
				61914857193542700047F076 /* back36.jpg */,
				61914858193542700047F076 /* back37.jpg */,
				61914859193542700047F076 /* back38.jpg */,
				6191485A193542700047F076 /* back39.jpg */,
				6191485B193542700047F076 /* back40.jpg */,
				6191485C193542700047F076 /* back41.jpg */,
				6191485D193542700047F076 /* back42.jpg */,
				6191485E193542700047F076 /* back43.jpg */,
				6191485F193542700047F076 /* back44.jpg */,
				61914860193542700047F076 /* back45.jpg */,
				61914861193542700047F076 /* back46.jpg */,
				61914862193542700047F076 /* back47.jpg */,
				61914863193542700047F076 /* back48.jpg */,
				61914864193542700047F076 /* back49.jpg */,
				61914865193542700047F076 /* back50.jpg */,
				61914866193542700047F076 /* back51.jpg */,
				61914867193542700047F076 /* back52.jpg */,
				61914868193542700047F076 /* back53.jpg */,
				61914869193542700047F076 /* back54.jpg */,
				6191486A193542700047F076 /* back55.jpg */,
				6191486B193542700047F076 /* back56.jpg */,
				6191486C193542700047F076 /* back57.jpg */,
				6191486D193542700047F076 /* back58.jpg */,
				6191486E193542700047F076 /* back59.jpg */,
				6191486F193542700047F076 /* back60.jpg */,
				61914870193542700047F076 /* back61.jpg */,
				61914871193542700047F076 /* back62.jpg */,
				61914872193542700047F076 /* back63.jpg */,
				61914873193542700047F076 /* back64.jpg */,
				61914874193542700047F076 /* back65.jpg */,
			);
			path = PixelGame;
			sourceTree = "<group>";
		};
		613D65C31904BA3A0063818F /* Supporting Files */ = {
			isa = PBXGroup;
			children = (
				613D65C41904BA3A0063818F /* PixelGame-Info.plist */,
				613D65C51904BA3A0063818F /* InfoPlist.strings */,
				613D65C81904BA3A0063818F /* main.m */,
				613D65CA1904BA3A0063818F /* PixelGame-Prefix.pch */,
			);
			name = "Supporting Files";
			sourceTree = "<group>";
		};
		613D65E61904BA3A0063818F /* PixelGameTests */ = {
			isa = PBXGroup;
			children = (
				613D65EC1904BA3A0063818F /* PixelGameTests.m */,
				613D65E71904BA3A0063818F /* Supporting Files */,
			);
			path = PixelGameTests;
			sourceTree = "<group>";
		};
		613D65E71904BA3A0063818F /* Supporting Files */ = {
			isa = PBXGroup;
			children = (
				613D65E81904BA3A0063818F /* PixelGameTests-Info.plist */,
				613D65E91904BA3A0063818F /* InfoPlist.strings */,
			);
			name = "Supporting Files";
			sourceTree = "<group>";
		};
/* End PBXGroup section */

/* Begin PBXNativeTarget section */
		613D65B61904BA3A0063818F /* PixelGame */ = {
			isa = PBXNativeTarget;
			buildConfigurationList = 613D65F01904BA3A0063818F /* Build configuration list for PBXNativeTarget "PixelGame" */;
			buildPhases = (
				613D65B31904BA3A0063818F /* Sources */,
				613D65B41904BA3A0063818F /* Frameworks */,
				613D65B51904BA3A0063818F /* Resources */,
			);
			buildRules = (
			);
			dependencies = (
			);
			name = PixelGame;
			productName = PixelGame;
			productReference = 613D65B71904BA3A0063818F /* PixelGame.app */;
			productType = "com.apple.product-type.application";
		};
		613D65DE1904BA3A0063818F /* PixelGameTests */ = {
			isa = PBXNativeTarget;
			buildConfigurationList = 613D65F31904BA3A0063818F /* Build configuration list for PBXNativeTarget "PixelGameTests" */;
			buildPhases = (
				613D65DB1904BA3A0063818F /* Sources */,
				613D65DC1904BA3A0063818F /* Frameworks */,
				613D65DD1904BA3A0063818F /* Resources */,
			);
			buildRules = (
			);
			dependencies = (
				613D65E51904BA3A0063818F /* PBXTargetDependency */,
			);
			name = PixelGameTests;
			productName = PixelGameTests;
			productReference = 613D65DF1904BA3A0063818F /* PixelGameTests.xctest */;
			productType = "com.apple.product-type.bundle.unit-test";
		};
/* End PBXNativeTarget section */

/* Begin PBXProject section */
		613D65AF1904BA3A0063818F /* Project object */ = {
			isa = PBXProject;
			attributes = {
				LastUpgradeCheck = 0510;
				ORGANIZATIONNAME = "Gilad Oved";
				TargetAttributes = {
					613D65DE1904BA3A0063818F = {
						TestTargetID = 613D65B61904BA3A0063818F;
					};
				};
			};
			buildConfigurationList = 613D65B21904BA3A0063818F /* Build configuration list for PBXProject "PixelGame" */;
			compatibilityVersion = "Xcode 3.2";
			developmentRegion = English;
			hasScannedForEncodings = 0;
			knownRegions = (
				en,
				Base,
			);
			mainGroup = 613D65AE1904BA3A0063818F;
			productRefGroup = 613D65B81904BA3A0063818F /* Products */;
			projectDirPath = "";
			projectRoot = "";
			targets = (
				613D65B61904BA3A0063818F /* PixelGame */,
				613D65DE1904BA3A0063818F /* PixelGameTests */,
			);
		};
/* End PBXProject section */

/* Begin PBXResourcesBuildPhase section */
		613D65B51904BA3A0063818F /* Resources */ = {
			isa = PBXResourcesBuildPhase;
			buildActionMask = 2147483647;
			files = (
				619148A2193542700047F076 /* back44.jpg in Resources */,
				6191487D193542700047F076 /* back7.jpg in Resources */,
				6191487B193542700047F076 /* back6.gif in Resources */,
				6191487F193542700047F076 /* back9.jpg in Resources */,
				61914878193542700047F076 /* back3.jpg in Resources */,
				619148BA193548350047F076 /* icon.png in Resources */,
				61914892193542700047F076 /* back28.jpg in Resources */,
				61914893193542700047F076 /* back29.jpg in Resources */,
				619148A7193542700047F076 /* back49.jpg in Resources */,
				619148B6193542700047F076 /* back64.jpg in Resources */,
				613D65C71904BA3A0063818F /* InfoPlist.strings in Resources */,
				61914891193542700047F076 /* back27.jpg in Resources */,
				619148A6193542700047F076 /* back48.jpg in Resources */,
				619148A5193542700047F076 /* back47.jpg in Resources */,
				619148B7193542700047F076 /* back65.jpg in Resources */,
				613D65DA1904BA3A0063818F /* Images.xcassets in Resources */,
				61914884193542700047F076 /* back14.jpg in Resources */,
				619148AB193542700047F076 /* back53.jpg in Resources */,
				6191487C193542700047F076 /* back6.jpg in Resources */,
				615265D31909F8EA005F47CC /* Black_Square.png in Resources */,
				619148A4193542700047F076 /* back46.jpg in Resources */,
				6191489B193542700047F076 /* back37.jpg in Resources */,
				6191487A193542700047F076 /* back5.jpg in Resources */,
				6191489D193542700047F076 /* back39.jpg in Resources */,
				6191489F193542700047F076 /* back41.jpg in Resources */,
				61914898193542700047F076 /* back34.jpg in Resources */,
				61914877193542700047F076 /* back2.jpg in Resources */,
				619148AC193542700047F076 /* back54.jpg in Resources */,
				619148B4193542700047F076 /* back62.jpg in Resources */,
				61914879193542700047F076 /* back4.jpg in Resources */,
				619148A1193542700047F076 /* back43.jpg in Resources */,
				61914899193542700047F076 /* back35.jpg in Resources */,
				61914889193542700047F076 /* back19.jpg in Resources */,
				619148B3193542700047F076 /* back61.jpg in Resources */,
				61914895193542700047F076 /* back31.jpg in Resources */,
				61914875193542700047F076 /* back0.jpg in Resources */,
				6191489E193542700047F076 /* back40.jpg in Resources */,
				61914881193542700047F076 /* back11.jpg in Resources */,
				61914876193542700047F076 /* back1.jpg in Resources */,
				619148A9193542700047F076 /* back51.jpg in Resources */,
				61914883193542700047F076 /* back13.jpg in Resources */,
				6191489A193542700047F076 /* back36.jpg in Resources */,
				6191488F193542700047F076 /* back25.jpg in Resources */,
				619148B2193542700047F076 /* back60.jpg in Resources */,
				619148A8193542700047F076 /* back50.jpg in Resources */,
				6191487E193542700047F076 /* back8.jpg in Resources */,
				615265D51909FC32005F47CC /* pixel.gif in Resources */,
				61914897193542700047F076 /* back33.jpg in Resources */,
				61914887193542700047F076 /* back17.jpg in Resources */,
				61914896193542700047F076 /* back32.jpg in Resources */,
				6191488C193542700047F076 /* back22.jpg in Resources */,
				619148A0193542700047F076 /* back42.jpg in Resources */,
				6191488E193542700047F076 /* back24.jpg in Resources */,
				619148AE193542700047F076 /* back56.jpg in Resources */,
				61914888193542700047F076 /* back18.jpg in Resources */,
				619148AA193542700047F076 /* back52.jpg in Resources */,
				619148B1193542700047F076 /* back59.jpg in Resources */,
				6191489C193542700047F076 /* back38.jpg in Resources */,
				61914885193542700047F076 /* back15.jpg in Resources */,
				61914882193542700047F076 /* back12.jpg in Resources */,
				61914890193542700047F076 /* back26.jpg in Resources */,
				619148AF193542700047F076 /* back57.jpg in Resources */,
				619148B5193542700047F076 /* back63.jpg in Resources */,
				6191488A193542700047F076 /* back20.jpg in Resources */,
				613D65D01904BA3A0063818F /* Main.storyboard in Resources */,
				61914894193542700047F076 /* back30.jpg in Resources */,
				619148AD193542700047F076 /* back55.jpg in Resources */,
				6191488B193542700047F076 /* back21.jpg in Resources */,
				61914880193542700047F076 /* back10.jpg in Resources */,
				61914886193542700047F076 /* back16.jpg in Resources */,
				6191488D193542700047F076 /* back23.jpg in Resources */,
				619148A3193542700047F076 /* back45.jpg in Resources */,
				619148B0193542700047F076 /* back58.jpg in Resources */,
				619148BB193548350047F076 /* introBack.png in Resources */,
			);
			runOnlyForDeploymentPostprocessing = 0;
		};
		613D65DD1904BA3A0063818F /* Resources */ = {
			isa = PBXResourcesBuildPhase;
			buildActionMask = 2147483647;
			files = (
				613D65EB1904BA3A0063818F /* InfoPlist.strings in Resources */,
			);
			runOnlyForDeploymentPostprocessing = 0;
		};
/* End PBXResourcesBuildPhase section */

/* Begin PBXSourcesBuildPhase section */
		613D65B31904BA3A0063818F /* Sources */ = {
			isa = PBXSourcesBuildPhase;
			buildActionMask = 2147483647;
			files = (
				613D65D61904BA3A0063818F /* MyScene.m in Sources */,
				613D65F81904BAA80063818F /* WelcomeScene.m in Sources */,
				613D65D31904BA3A0063818F /* ViewController.m in Sources */,
				613D65CD1904BA3A0063818F /* AppDelegate.m in Sources */,
				613D65C91904BA3A0063818F /* main.m in Sources */,
			);
			runOnlyForDeploymentPostprocessing = 0;
		};
		613D65DB1904BA3A0063818F /* Sources */ = {
			isa = PBXSourcesBuildPhase;
			buildActionMask = 2147483647;
			files = (
				613D65ED1904BA3A0063818F /* PixelGameTests.m in Sources */,
			);
			runOnlyForDeploymentPostprocessing = 0;
		};
/* End PBXSourcesBuildPhase section */

/* Begin PBXTargetDependency section */
		613D65E51904BA3A0063818F /* PBXTargetDependency */ = {
			isa = PBXTargetDependency;
			target = 613D65B61904BA3A0063818F /* PixelGame */;
			targetProxy = 613D65E41904BA3A0063818F /* PBXContainerItemProxy */;
		};
/* End PBXTargetDependency section */

/* Begin PBXVariantGroup section */
		613D65C51904BA3A0063818F /* InfoPlist.strings */ = {
			isa = PBXVariantGroup;
			children = (
				613D65C61904BA3A0063818F /* en */,
			);
			name = InfoPlist.strings;
			sourceTree = "<group>";
		};
		613D65CE1904BA3A0063818F /* Main.storyboard */ = {
			isa = PBXVariantGroup;
			children = (
				613D65CF1904BA3A0063818F /* Base */,
			);
			name = Main.storyboard;
			sourceTree = "<group>";
		};
		613D65E91904BA3A0063818F /* InfoPlist.strings */ = {
			isa = PBXVariantGroup;
			children = (
				613D65EA1904BA3A0063818F /* en */,
			);
			name = InfoPlist.strings;
			sourceTree = "<group>";
		};
/* End PBXVariantGroup section */

/* Begin XCBuildConfiguration section */
		613D65EE1904BA3A0063818F /* Debug */ = {
			isa = XCBuildConfiguration;
			buildSettings = {
				ALWAYS_SEARCH_USER_PATHS = NO;
				CLANG_CXX_LANGUAGE_STANDARD = "gnu++0x";
				CLANG_CXX_LIBRARY = "libc++";
				CLANG_ENABLE_MODULES = YES;
				CLANG_ENABLE_OBJC_ARC = YES;
				CLANG_WARN_BOOL_CONVERSION = YES;
				CLANG_WARN_CONSTANT_CONVERSION = YES;
				CLANG_WARN_DIRECT_OBJC_ISA_USAGE = YES_ERROR;
				CLANG_WARN_EMPTY_BODY = YES;
				CLANG_WARN_ENUM_CONVERSION = YES;
				CLANG_WARN_INT_CONVERSION = YES;
				CLANG_WARN_OBJC_ROOT_CLASS = YES_ERROR;
				CLANG_WARN__DUPLICATE_METHOD_MATCH = YES;
				"CODE_SIGN_IDENTITY[sdk=iphoneos*]" = "iPhone Developer";
				COPY_PHASE_STRIP = NO;
				GCC_C_LANGUAGE_STANDARD = gnu99;
				GCC_DYNAMIC_NO_PIC = NO;
				GCC_OPTIMIZATION_LEVEL = 0;
				GCC_PREPROCESSOR_DEFINITIONS = (
					"DEBUG=1",
					"$(inherited)",
				);
				GCC_SYMBOLS_PRIVATE_EXTERN = NO;
				GCC_WARN_64_TO_32_BIT_CONVERSION = YES;
				GCC_WARN_ABOUT_RETURN_TYPE = YES_ERROR;
				GCC_WARN_UNDECLARED_SELECTOR = YES;
				GCC_WARN_UNINITIALIZED_AUTOS = YES_AGGRESSIVE;
				GCC_WARN_UNUSED_FUNCTION = YES;
				GCC_WARN_UNUSED_VARIABLE = YES;
				IPHONEOS_DEPLOYMENT_TARGET = 7.1;
				ONLY_ACTIVE_ARCH = YES;
				SDKROOT = iphoneos;
				TARGETED_DEVICE_FAMILY = 2;
			};
			name = Debug;
		};
		613D65EF1904BA3A0063818F /* Release */ = {
			isa = XCBuildConfiguration;
			buildSettings = {
				ALWAYS_SEARCH_USER_PATHS = NO;
				CLANG_CXX_LANGUAGE_STANDARD = "gnu++0x";
				CLANG_CXX_LIBRARY = "libc++";
				CLANG_ENABLE_MODULES = YES;
				CLANG_ENABLE_OBJC_ARC = YES;
				CLANG_WARN_BOOL_CONVERSION = YES;
				CLANG_WARN_CONSTANT_CONVERSION = YES;
				CLANG_WARN_DIRECT_OBJC_ISA_USAGE = YES_ERROR;
				CLANG_WARN_EMPTY_BODY = YES;
				CLANG_WARN_ENUM_CONVERSION = YES;
				CLANG_WARN_INT_CONVERSION = YES;
				CLANG_WARN_OBJC_ROOT_CLASS = YES_ERROR;
				CLANG_WARN__DUPLICATE_METHOD_MATCH = YES;
				"CODE_SIGN_IDENTITY[sdk=iphoneos*]" = "iPhone Developer";
				COPY_PHASE_STRIP = YES;
				ENABLE_NS_ASSERTIONS = NO;
				GCC_C_LANGUAGE_STANDARD = gnu99;
				GCC_WARN_64_TO_32_BIT_CONVERSION = YES;
				GCC_WARN_ABOUT_RETURN_TYPE = YES_ERROR;
				GCC_WARN_UNDECLARED_SELECTOR = YES;
				GCC_WARN_UNINITIALIZED_AUTOS = YES_AGGRESSIVE;
				GCC_WARN_UNUSED_FUNCTION = YES;
				GCC_WARN_UNUSED_VARIABLE = YES;
				IPHONEOS_DEPLOYMENT_TARGET = 7.1;
				SDKROOT = iphoneos;
				TARGETED_DEVICE_FAMILY = 2;
				VALIDATE_PRODUCT = YES;
			};
			name = Release;
		};
		613D65F11904BA3A0063818F /* Debug */ = {
			isa = XCBuildConfiguration;
			buildSettings = {
				ASSETCATALOG_COMPILER_APPICON_NAME = AppIcon;
				ASSETCATALOG_COMPILER_LAUNCHIMAGE_NAME = LaunchImage;
				GCC_PRECOMPILE_PREFIX_HEADER = YES;
				GCC_PREFIX_HEADER = "PixelGame/PixelGame-Prefix.pch";
				INFOPLIST_FILE = "PixelGame/PixelGame-Info.plist";
				PRODUCT_NAME = "$(TARGET_NAME)";
				SPRITEKIT_TEXTURE_ATLAS_OUTPUT = YES;
				WRAPPER_EXTENSION = app;
			};
			name = Debug;
		};
		613D65F21904BA3A0063818F /* Release */ = {
			isa = XCBuildConfiguration;
			buildSettings = {
				ASSETCATALOG_COMPILER_APPICON_NAME = AppIcon;
				ASSETCATALOG_COMPILER_LAUNCHIMAGE_NAME = LaunchImage;
				GCC_PRECOMPILE_PREFIX_HEADER = YES;
				GCC_PREFIX_HEADER = "PixelGame/PixelGame-Prefix.pch";
				INFOPLIST_FILE = "PixelGame/PixelGame-Info.plist";
				PRODUCT_NAME = "$(TARGET_NAME)";
				SPRITEKIT_TEXTURE_ATLAS_OUTPUT = YES;
				WRAPPER_EXTENSION = app;
			};
			name = Release;
		};
		613D65F41904BA3A0063818F /* Debug */ = {
			isa = XCBuildConfiguration;
			buildSettings = {
				BUNDLE_LOADER = "$(BUILT_PRODUCTS_DIR)/PixelGame.app/PixelGame";
				FRAMEWORK_SEARCH_PATHS = (
					"$(SDKROOT)/Developer/Library/Frameworks",
					"$(inherited)",
					"$(DEVELOPER_FRAMEWORKS_DIR)",
				);
				GCC_PRECOMPILE_PREFIX_HEADER = YES;
				GCC_PREFIX_HEADER = "PixelGame/PixelGame-Prefix.pch";
				GCC_PREPROCESSOR_DEFINITIONS = (
					"DEBUG=1",
					"$(inherited)",
				);
				INFOPLIST_FILE = "PixelGameTests/PixelGameTests-Info.plist";
				PRODUCT_NAME = "$(TARGET_NAME)";
				TEST_HOST = "$(BUNDLE_LOADER)";
				WRAPPER_EXTENSION = xctest;
			};
			name = Debug;
		};
		613D65F51904BA3A0063818F /* Release */ = {
			isa = XCBuildConfiguration;
			buildSettings = {
				BUNDLE_LOADER = "$(BUILT_PRODUCTS_DIR)/PixelGame.app/PixelGame";
				FRAMEWORK_SEARCH_PATHS = (
					"$(SDKROOT)/Developer/Library/Frameworks",
					"$(inherited)",
					"$(DEVELOPER_FRAMEWORKS_DIR)",
				);
				GCC_PRECOMPILE_PREFIX_HEADER = YES;
				GCC_PREFIX_HEADER = "PixelGame/PixelGame-Prefix.pch";
				INFOPLIST_FILE = "PixelGameTests/PixelGameTests-Info.plist";
				PRODUCT_NAME = "$(TARGET_NAME)";
				TEST_HOST = "$(BUNDLE_LOADER)";
				WRAPPER_EXTENSION = xctest;
			};
			name = Release;
		};
/* End XCBuildConfiguration section */

/* Begin XCConfigurationList section */
		613D65B21904BA3A0063818F /* Build configuration list for PBXProject "PixelGame" */ = {
			isa = XCConfigurationList;
			buildConfigurations = (
				613D65EE1904BA3A0063818F /* Debug */,
				613D65EF1904BA3A0063818F /* Release */,
			);
			defaultConfigurationIsVisible = 0;
			defaultConfigurationName = Release;
		};
		613D65F01904BA3A0063818F /* Build configuration list for PBXNativeTarget "PixelGame" */ = {
			isa = XCConfigurationList;
			buildConfigurations = (
				613D65F11904BA3A0063818F /* Debug */,
				613D65F21904BA3A0063818F /* Release */,
			);
			defaultConfigurationIsVisible = 0;
			defaultConfigurationName = Release;
		};
		613D65F31904BA3A0063818F /* Build configuration list for PBXNativeTarget "PixelGameTests" */ = {
			isa = XCConfigurationList;
			buildConfigurations = (
				613D65F41904BA3A0063818F /* Debug */,
				613D65F51904BA3A0063818F /* Release */,
			);
			defaultConfigurationIsVisible = 0;
			defaultConfigurationName = Release;
		};
/* End XCConfigurationList section */
	};
	rootObject = 613D65AF1904BA3A0063818F /* Project object */;
}
